
Microsoft Visual Studio Solution File, Format Version 12.00
# Visual Studio 15
VisualStudioVersion = 15.0.28307.271
MinimumVisualStudioVersion = 10.0.40219.1
Project("{FAE04EC0-301F-11D3-BF4B-00C04F79EFBC}") = "GCDeliverable2", "GCDeliverable2.csproj", "{799268C1-4C0B-4FDE-83D3-6AA52E8E56E3}"
EndProject
Global
	GlobalSection(SolutionConfigurationPlatforms) = preSolution
		Debug|Any CPU = Debug|Any CPU
		Release|Any CPU = Release|Any CPU
	EndGlobalSection
	GlobalSection(ProjectConfigurationPlatforms) = postSolution
		{799268C1-4C0B-4FDE-83D3-6AA52E8E56E3}.Debug|Any CPU.ActiveCfg = Debug|Any CPU
		{799268C1-4C0B-4FDE-83D3-6AA52E8E56E3}.Debug|Any CPU.Build.0 = Debug|Any CPU
		{799268C1-4C0B-4FDE-83D3-6AA52E8E56E3}.Release|Any CPU.ActiveCfg = Release|Any CPU
		{799268C1-4C0B-4FDE-83D3-6AA52E8E56E3}.Release|Any CPU.Build.0 = Release|Any CPU
	EndGlobalSection
	GlobalSection(SolutionProperties) = preSolution
		HideSolutionNode = FALSE
	EndGlobalSection
	GlobalSection(ExtensibilityGlobals) = postSolution
		SolutionGuid = {B01CCB1C-ADE2-4E77-8CE4-4FF2B03C07F9}
	EndGlobalSection
EndGlobal
